
Microsoft Visual Studio Solution File, Format Version 12.00
# Visual Studio Version 16
VisualStudioVersion = 16.0.30404.54
MinimumVisualStudioVersion = 10.0.40219.1
Project("{9A19103F-16F7-4668-BE54-9A1E7A4F7556}") = "GenericDataAccess", "GenericDataAccess\GenericDataAccess.csproj", "{A3AF34C1-D797-412B-97BD-82CCCCF07F04}"
EndProject
Project("{9A19103F-16F7-4668-BE54-9A1E7A4F7556}") = "GenericDataAccess.Test", "GenericDataAccess.Test\GenericDataAccess.Test.csproj", "{4910E48F-260F-4922-8E72-7C6419E862A1}"
EndProject
Global
	GlobalSection(SolutionConfigurationPlatforms) = preSolution
		Debug|Any CPU = Debug|Any CPU
		Release|Any CPU = Release|Any CPU
	EndGlobalSection
	GlobalSection(ProjectConfigurationPlatforms) = postSolution
		{A3AF34C1-D797-412B-97BD-82CCCCF07F04}.Debug|Any CPU.ActiveCfg = Debug|Any CPU
		{A3AF34C1-D797-412B-97BD-82CCCCF07F04}.Debug|Any CPU.Build.0 = Debug|Any CPU
		{A3AF34C1-D797-412B-97BD-82CCCCF07F04}.Release|Any CPU.ActiveCfg = Release|Any CPU
		{A3AF34C1-D797-412B-97BD-82CCCCF07F04}.Release|Any CPU.Build.0 = Release|Any CPU
		{4910E48F-260F-4922-8E72-7C6419E862A1}.Debug|Any CPU.ActiveCfg = Debug|Any CPU
		{4910E48F-260F-4922-8E72-7C6419E862A1}.Debug|Any CPU.Build.0 = Debug|Any CPU
		{4910E48F-260F-4922-8E72-7C6419E862A1}.Release|Any CPU.ActiveCfg = Release|Any CPU
		{4910E48F-260F-4922-8E72-7C6419E862A1}.Release|Any CPU.Build.0 = Release|Any CPU
	EndGlobalSection
	GlobalSection(SolutionProperties) = preSolution
		HideSolutionNode = FALSE
	EndGlobalSection
	GlobalSection(ExtensibilityGlobals) = postSolution
		SolutionGuid = {D02460C3-C744-4E73-BC44-BF5D290A7CA3}
	EndGlobalSection
EndGlobal
